
Microsoft Visual Studio Solution File, Format Version 12.00
# Visual Studio 15
VisualStudioVersion = 15.0.27703.2035
MinimumVisualStudioVersion = 10.0.40219.1
Project("{2150E333-8FDC-42A3-9474-1A3956D46DE8}") = "UI", "UI", "{119443E0-8F73-4957-A0CE-4D1F385C5C82}"
EndProject
Project("{2150E333-8FDC-42A3-9474-1A3956D46DE8}") = "BLL", "BLL", "{CCBEAF91-41E4-4254-BD97-83FA09BBC1E2}"
EndProject
Project("{2150E333-8FDC-42A3-9474-1A3956D46DE8}") = "DAL", "DAL", "{E05C43BE-4346-4702-9113-A4582187DB9E}"
EndProject
Project("{2150E333-8FDC-42A3-9474-1A3956D46DE8}") = "Model", "Model", "{99D4A593-AE40-4D10-80A3-46ACA692F1CC}"
EndProject
Project("{2150E333-8FDC-42A3-9474-1A3956D46DE8}") = "Common", "Common", "{D98BDE36-C9A4-455A-A7B8-9CA5CC81F712}"
EndProject
Project("{FAE04EC0-301F-11D3-BF4B-00C04F79EFBC}") = "WebShop.BLL", "WebShop.BLL\WebShop.BLL.csproj", "{B1904D88-3288-43E2-A9B5-2F2D6056D13B}"
EndProject
Project("{FAE04EC0-301F-11D3-BF4B-00C04F79EFBC}") = "WebShop.IBLL", "WebShop.IBLL\WebShop.IBLL.csproj", "{0B79858A-600A-406A-A9D8-E13EF153BE3B}"
EndProject
Project("{FAE04EC0-301F-11D3-BF4B-00C04F79EFBC}") = "WebShop.BLLContainer", "WebShop.BLLContainer\WebShop.BLLContainer.csproj", "{29EDEFC3-5DF1-4F01-A3CA-3B659009F337}"
EndProject
Project("{FAE04EC0-301F-11D3-BF4B-00C04F79EFBC}") = "WebShop.DAL", "WebShop.DAL\WebShop.DAL.csproj", "{8AFBCDEB-EC2A-4776-924E-55E8B35B342A}"
EndProject
Project("{FAE04EC0-301F-11D3-BF4B-00C04F79EFBC}") = "WebShop.IDAL", "WebShop.IDAL\WebShop.IDAL.csproj", "{FE719C27-4707-42DF-A482-539327D0742F}"
EndProject
Project("{FAE04EC0-301F-11D3-BF4B-00C04F79EFBC}") = "WebShop.DALContainer", "WebShop.DALContainer\WebShop.DALContainer.csproj", "{FC89F296-F2B4-45A8-9244-857E89667D6D}"
EndProject
Project("{FAE04EC0-301F-11D3-BF4B-00C04F79EFBC}") = "WebShop.Model", "WebShop.Model\WebShop.Model.csproj", "{1EC36C18-5C22-41CD-A3C9-3DB96FE720ED}"
EndProject
Project("{FAE04EC0-301F-11D3-BF4B-00C04F79EFBC}") = "WebShop.App", "WebShop.App\WebShop.App.csproj", "{0F5D85A6-B206-4833-8A88-1A14AC5CF4DF}"
EndProject
Global
	GlobalSection(SolutionConfigurationPlatforms) = preSolution
		Debug|Any CPU = Debug|Any CPU
		Release|Any CPU = Release|Any CPU
	EndGlobalSection
	GlobalSection(ProjectConfigurationPlatforms) = postSolution
		{B1904D88-3288-43E2-A9B5-2F2D6056D13B}.Debug|Any CPU.ActiveCfg = Debug|Any CPU
		{B1904D88-3288-43E2-A9B5-2F2D6056D13B}.Debug|Any CPU.Build.0 = Debug|Any CPU
		{B1904D88-3288-43E2-A9B5-2F2D6056D13B}.Release|Any CPU.ActiveCfg = Release|Any CPU
		{B1904D88-3288-43E2-A9B5-2F2D6056D13B}.Release|Any CPU.Build.0 = Release|Any CPU
		{0B79858A-600A-406A-A9D8-E13EF153BE3B}.Debug|Any CPU.ActiveCfg = Debug|Any CPU
		{0B79858A-600A-406A-A9D8-E13EF153BE3B}.Debug|Any CPU.Build.0 = Debug|Any CPU
		{0B79858A-600A-406A-A9D8-E13EF153BE3B}.Release|Any CPU.ActiveCfg = Release|Any CPU
		{0B79858A-600A-406A-A9D8-E13EF153BE3B}.Release|Any CPU.Build.0 = Release|Any CPU
		{29EDEFC3-5DF1-4F01-A3CA-3B659009F337}.Debug|Any CPU.ActiveCfg = Debug|Any CPU
		{29EDEFC3-5DF1-4F01-A3CA-3B659009F337}.Debug|Any CPU.Build.0 = Debug|Any CPU
		{29EDEFC3-5DF1-4F01-A3CA-3B659009F337}.Release|Any CPU.ActiveCfg = Release|Any CPU
		{29EDEFC3-5DF1-4F01-A3CA-3B659009F337}.Release|Any CPU.Build.0 = Release|Any CPU
		{8AFBCDEB-EC2A-4776-924E-55E8B35B342A}.Debug|Any CPU.ActiveCfg = Debug|Any CPU
		{8AFBCDEB-EC2A-4776-924E-55E8B35B342A}.Debug|Any CPU.Build.0 = Debug|Any CPU
		{8AFBCDEB-EC2A-4776-924E-55E8B35B342A}.Release|Any CPU.ActiveCfg = Release|Any CPU
		{8AFBCDEB-EC2A-4776-924E-55E8B35B342A}.Release|Any CPU.Build.0 = Release|Any CPU
		{FE719C27-4707-42DF-A482-539327D0742F}.Debug|Any CPU.ActiveCfg = Debug|Any CPU
		{FE719C27-4707-42DF-A482-539327D0742F}.Debug|Any CPU.Build.0 = Debug|Any CPU
		{FE719C27-4707-42DF-A482-539327D0742F}.Release|Any CPU.ActiveCfg = Release|Any CPU
		{FE719C27-4707-42DF-A482-539327D0742F}.Release|Any CPU.Build.0 = Release|Any CPU
		{FC89F296-F2B4-45A8-9244-857E89667D6D}.Debug|Any CPU.ActiveCfg = Debug|Any CPU
		{FC89F296-F2B4-45A8-9244-857E89667D6D}.Debug|Any CPU.Build.0 = Debug|Any CPU
		{FC89F296-F2B4-45A8-9244-857E89667D6D}.Release|Any CPU.ActiveCfg = Release|Any CPU
		{FC89F296-F2B4-45A8-9244-857E89667D6D}.Release|Any CPU.Build.0 = Release|Any CPU
		{1EC36C18-5C22-41CD-A3C9-3DB96FE720ED}.Debug|Any CPU.ActiveCfg = Debug|Any CPU
		{1EC36C18-5C22-41CD-A3C9-3DB96FE720ED}.Debug|Any CPU.Build.0 = Debug|Any CPU
		{1EC36C18-5C22-41CD-A3C9-3DB96FE720ED}.Release|Any CPU.ActiveCfg = Release|Any CPU
		{1EC36C18-5C22-41CD-A3C9-3DB96FE720ED}.Release|Any CPU.Build.0 = Release|Any CPU
		{0F5D85A6-B206-4833-8A88-1A14AC5CF4DF}.Debug|Any CPU.ActiveCfg = Debug|Any CPU
		{0F5D85A6-B206-4833-8A88-1A14AC5CF4DF}.Debug|Any CPU.Build.0 = Debug|Any CPU
		{0F5D85A6-B206-4833-8A88-1A14AC5CF4DF}.Release|Any CPU.ActiveCfg = Release|Any CPU
		{0F5D85A6-B206-4833-8A88-1A14AC5CF4DF}.Release|Any CPU.Build.0 = Release|Any CPU
	EndGlobalSection
	GlobalSection(SolutionProperties) = preSolution
		HideSolutionNode = FALSE
	EndGlobalSection
	GlobalSection(NestedProjects) = preSolution
		{B1904D88-3288-43E2-A9B5-2F2D6056D13B} = {CCBEAF91-41E4-4254-BD97-83FA09BBC1E2}
		{0B79858A-600A-406A-A9D8-E13EF153BE3B} = {CCBEAF91-41E4-4254-BD97-83FA09BBC1E2}
		{29EDEFC3-5DF1-4F01-A3CA-3B659009F337} = {CCBEAF91-41E4-4254-BD97-83FA09BBC1E2}
		{8AFBCDEB-EC2A-4776-924E-55E8B35B342A} = {E05C43BE-4346-4702-9113-A4582187DB9E}
		{FE719C27-4707-42DF-A482-539327D0742F} = {E05C43BE-4346-4702-9113-A4582187DB9E}
		{FC89F296-F2B4-45A8-9244-857E89667D6D} = {E05C43BE-4346-4702-9113-A4582187DB9E}
		{1EC36C18-5C22-41CD-A3C9-3DB96FE720ED} = {99D4A593-AE40-4D10-80A3-46ACA692F1CC}
		{0F5D85A6-B206-4833-8A88-1A14AC5CF4DF} = {119443E0-8F73-4957-A0CE-4D1F385C5C82}
	EndGlobalSection
	GlobalSection(ExtensibilityGlobals) = postSolution
		SolutionGuid = {C5D4DB3A-AF41-406B-8DCF-ABC930623F68}
	EndGlobalSection
EndGlobal
